// !$*UTF8*$!
{
	archiveVersion = 1;
	classes = {
	};
	objectVersion = 56;
	objects = {

/* Begin PBXBuildFile section */
		9830C6DB2A4EC844004971E5 /* ConfigView.swift in Sources */ = {isa = PBXBuildFile; fileRef = 9830C6DA2A4EC844004971E5 /* ConfigView.swift */; };
		983E70D62A8F3C7D003D525A /* CheckBoxMatrixView.swift in Sources */ = {isa = PBXBuildFile; fileRef = 983E70D52A8F3C7D003D525A /* CheckBoxMatrixView.swift */; };
		985296112A7209460052AC45 /* ImageTabView.swift in Sources */ = {isa = PBXBuildFile; fileRef = 985296102A7209460052AC45 /* ImageTabView.swift */; };
		985540072A8E174000590679 /* CheckBoxEditView.swift in Sources */ = {isa = PBXBuildFile; fileRef = 985540062A8E174000590679 /* CheckBoxEditView.swift */; };
		9894BC542A6CF73F00A4B946 /* PhotoLibraryImagePickerView.swift in Sources */ = {isa = PBXBuildFile; fileRef = 9894BC532A6CF73F00A4B946 /* PhotoLibraryImagePickerView.swift */; };
		989697182A35FE3800EE3599 /* ZIPFoundation in Frameworks */ = {isa = PBXBuildFile; productRef = 989697172A35FE3800EE3599 /* ZIPFoundation */; };
		9896971A2A35FEB700EE3599 /* CategorySelectorView.swift in Sources */ = {isa = PBXBuildFile; fileRef = 989697192A35FEB700EE3599 /* CategorySelectorView.swift */; };
		9896971C2A35FEFB00EE3599 /* FinalReportView.swift in Sources */ = {isa = PBXBuildFile; fileRef = 9896971B2A35FEFB00EE3599 /* FinalReportView.swift */; };
		9896971E2A35FF2300EE3599 /* ImageView.swift in Sources */ = {isa = PBXBuildFile; fileRef = 9896971D2A35FF2300EE3599 /* ImageView.swift */; };
		989697202A35FF5000EE3599 /* ImageStockerTabView.swift in Sources */ = {isa = PBXBuildFile; fileRef = 9896971F2A35FF5000EE3599 /* ImageStockerTabView.swift */; };
		989697222A35FF7200EE3599 /* EachTabView.swift in Sources */ = {isa = PBXBuildFile; fileRef = 989697212A35FF7200EE3599 /* EachTabView.swift */; };
		989697242A35FF9800EE3599 /* PlistCreatorView.swift in Sources */ = {isa = PBXBuildFile; fileRef = 989697232A35FF9800EE3599 /* PlistCreatorView.swift */; };
		989697262A35FFB500EE3599 /* PlistEditorView.swift in Sources */ = {isa = PBXBuildFile; fileRef = 989697252A35FFB500EE3599 /* PlistEditorView.swift */; };
		989697282A35FFDB00EE3599 /* PlistCreatorSubView.swift in Sources */ = {isa = PBXBuildFile; fileRef = 989697272A35FFDB00EE3599 /* PlistCreatorSubView.swift */; };
		9896972A2A36000200EE3599 /* PlistEditorSubView.swift in Sources */ = {isa = PBXBuildFile; fileRef = 989697292A36000200EE3599 /* PlistEditorSubView.swift */; };
		9896972C2A36002E00EE3599 /* ImagePickerView.swift in Sources */ = {isa = PBXBuildFile; fileRef = 9896972B2A36002E00EE3599 /* ImagePickerView.swift */; };
		98C753762A35F14400648C02 /* PhotoLabelApp.swift in Sources */ = {isa = PBXBuildFile; fileRef = 98C753752A35F14400648C02 /* PhotoLabelApp.swift */; };
		98C753782A35F14400648C02 /* ContentView.swift in Sources */ = {isa = PBXBuildFile; fileRef = 98C753772A35F14400648C02 /* ContentView.swift */; };
		98C7537A2A35F14500648C02 /* Assets.xcassets in Resources */ = {isa = PBXBuildFile; fileRef = 98C753792A35F14500648C02 /* Assets.xcassets */; };
		98C7537D2A35F14500648C02 /* Preview Assets.xcassets in Resources */ = {isa = PBXBuildFile; fileRef = 98C7537C2A35F14500648C02 /* Preview Assets.xcassets */; };
/* End PBXBuildFile section */

/* Begin PBXFileReference section */
		9830C6DA2A4EC844004971E5 /* ConfigView.swift */ = {isa = PBXFileReference; lastKnownFileType = sourcecode.swift; path = ConfigView.swift; sourceTree = "<group>"; };
		983E70D52A8F3C7D003D525A /* CheckBoxMatrixView.swift */ = {isa = PBXFileReference; lastKnownFileType = sourcecode.swift; path = CheckBoxMatrixView.swift; sourceTree = "<group>"; };
		985296102A7209460052AC45 /* ImageTabView.swift */ = {isa = PBXFileReference; lastKnownFileType = sourcecode.swift; path = ImageTabView.swift; sourceTree = "<group>"; };
		985540062A8E174000590679 /* CheckBoxEditView.swift */ = {isa = PBXFileReference; lastKnownFileType = sourcecode.swift; path = CheckBoxEditView.swift; sourceTree = "<group>"; };
		9894BC532A6CF73F00A4B946 /* PhotoLibraryImagePickerView.swift */ = {isa = PBXFileReference; lastKnownFileType = sourcecode.swift; path = PhotoLibraryImagePickerView.swift; sourceTree = "<group>"; };
		989697152A35FC6000EE3599 /* Info.plist */ = {isa = PBXFileReference; lastKnownFileType = text.plist; path = Info.plist; sourceTree = "<group>"; };
		989697192A35FEB700EE3599 /* CategorySelectorView.swift */ = {isa = PBXFileReference; lastKnownFileType = sourcecode.swift; path = CategorySelectorView.swift; sourceTree = "<group>"; };
		9896971B2A35FEFB00EE3599 /* FinalReportView.swift */ = {isa = PBXFileReference; lastKnownFileType = sourcecode.swift; path = FinalReportView.swift; sourceTree = "<group>"; };
		9896971D2A35FF2300EE3599 /* ImageView.swift */ = {isa = PBXFileReference; lastKnownFileType = sourcecode.swift; path = ImageView.swift; sourceTree = "<group>"; };
		9896971F2A35FF5000EE3599 /* ImageStockerTabView.swift */ = {isa = PBXFileReference; lastKnownFileType = sourcecode.swift; path = ImageStockerTabView.swift; sourceTree = "<group>"; };
		989697212A35FF7200EE3599 /* EachTabView.swift */ = {isa = PBXFileReference; lastKnownFileType = sourcecode.swift; path = EachTabView.swift; sourceTree = "<group>"; };
		989697232A35FF9800EE3599 /* PlistCreatorView.swift */ = {isa = PBXFileReference; lastKnownFileType = sourcecode.swift; path = PlistCreatorView.swift; sourceTree = "<group>"; };
		989697252A35FFB500EE3599 /* PlistEditorView.swift */ = {isa = PBXFileReference; lastKnownFileType = sourcecode.swift; path = PlistEditorView.swift; sourceTree = "<group>"; };
		989697272A35FFDB00EE3599 /* PlistCreatorSubView.swift */ = {isa = PBXFileReference; lastKnownFileType = sourcecode.swift; path = PlistCreatorSubView.swift; sourceTree = "<group>"; };
		989697292A36000200EE3599 /* PlistEditorSubView.swift */ = {isa = PBXFileReference; lastKnownFileType = sourcecode.swift; path = PlistEditorSubView.swift; sourceTree = "<group>"; };
		9896972B2A36002E00EE3599 /* ImagePickerView.swift */ = {isa = PBXFileReference; lastKnownFileType = sourcecode.swift; path = ImagePickerView.swift; sourceTree = "<group>"; };
		98C753722A35F14400648C02 /* PhotoLabel.app */ = {isa = PBXFileReference; explicitFileType = wrapper.application; includeInIndex = 0; path = PhotoLabel.app; sourceTree = BUILT_PRODUCTS_DIR; };
		98C753752A35F14400648C02 /* PhotoLabelApp.swift */ = {isa = PBXFileReference; lastKnownFileType = sourcecode.swift; path = PhotoLabelApp.swift; sourceTree = "<group>"; };
		98C753772A35F14400648C02 /* ContentView.swift */ = {isa = PBXFileReference; lastKnownFileType = sourcecode.swift; path = ContentView.swift; sourceTree = "<group>"; };
		98C753792A35F14500648C02 /* Assets.xcassets */ = {isa = PBXFileReference; lastKnownFileType = folder.assetcatalog; path = Assets.xcassets; sourceTree = "<group>"; };
		98C7537C2A35F14500648C02 /* Preview Assets.xcassets */ = {isa = PBXFileReference; lastKnownFileType = folder.assetcatalog; path = "Preview Assets.xcassets"; sourceTree = "<group>"; };
/* End PBXFileReference section */

/* Begin PBXFrameworksBuildPhase section */
		98C7536F2A35F14400648C02 /* Frameworks */ = {
			isa = PBXFrameworksBuildPhase;
			buildActionMask = 2147483647;
			files = (
				989697182A35FE3800EE3599 /* ZIPFoundation in Frameworks */,
			);
			runOnlyForDeploymentPostprocessing = 0;
		};
/* End PBXFrameworksBuildPhase section */

/* Begin PBXGroup section */
		98C753692A35F14400648C02 = {
			isa = PBXGroup;
			children = (
				98C753742A35F14400648C02 /* PhotoLabel */,
				98C753732A35F14400648C02 /* Products */,
			);
			sourceTree = "<group>";
		};
		98C753732A35F14400648C02 /* Products */ = {
			isa = PBXGroup;
			children = (
				98C753722A35F14400648C02 /* PhotoLabel.app */,
			);
			name = Products;
			sourceTree = "<group>";
		};
		98C753742A35F14400648C02 /* PhotoLabel */ = {
			isa = PBXGroup;
			children = (
				989697152A35FC6000EE3599 /* Info.plist */,
				98C753752A35F14400648C02 /* PhotoLabelApp.swift */,
				98C753772A35F14400648C02 /* ContentView.swift */,
				989697192A35FEB700EE3599 /* CategorySelectorView.swift */,
				9896971F2A35FF5000EE3599 /* ImageStockerTabView.swift */,
				989697212A35FF7200EE3599 /* EachTabView.swift */,
				9896972B2A36002E00EE3599 /* ImagePickerView.swift */,
				9894BC532A6CF73F00A4B946 /* PhotoLibraryImagePickerView.swift */,
				9896971D2A35FF2300EE3599 /* ImageView.swift */,
				985296102A7209460052AC45 /* ImageTabView.swift */,
				983E70D52A8F3C7D003D525A /* CheckBoxMatrixView.swift */,
				985540062A8E174000590679 /* CheckBoxEditView.swift */,
				9896971B2A35FEFB00EE3599 /* FinalReportView.swift */,
				989697232A35FF9800EE3599 /* PlistCreatorView.swift */,
				989697252A35FFB500EE3599 /* PlistEditorView.swift */,
				989697272A35FFDB00EE3599 /* PlistCreatorSubView.swift */,
				989697292A36000200EE3599 /* PlistEditorSubView.swift */,
				9830C6DA2A4EC844004971E5 /* ConfigView.swift */,
				98C753792A35F14500648C02 /* Assets.xcassets */,
				98C7537B2A35F14500648C02 /* Preview Content */,
			);
			path = PhotoLabel;
			sourceTree = "<group>";
		};
		98C7537B2A35F14500648C02 /* Preview Content */ = {
			isa = PBXGroup;
			children = (
				98C7537C2A35F14500648C02 /* Preview Assets.xcassets */,
			);
			path = "Preview Content";
			sourceTree = "<group>";
		};
/* End PBXGroup section */

/* Begin PBXNativeTarget section */
		98C753712A35F14400648C02 /* PhotoLabel */ = {
			isa = PBXNativeTarget;
			buildConfigurationList = 98C753802A35F14500648C02 /* Build configuration list for PBXNativeTarget "PhotoLabel" */;
			buildPhases = (
				98C7536E2A35F14400648C02 /* Sources */,
				98C7536F2A35F14400648C02 /* Frameworks */,
				98C753702A35F14400648C02 /* Resources */,
			);
			buildRules = (
			);
			dependencies = (
			);
			name = PhotoLabel;
			packageProductDependencies = (
				989697172A35FE3800EE3599 /* ZIPFoundation */,
			);
			productName = PhotoLabel;
			productReference = 98C753722A35F14400648C02 /* PhotoLabel.app */;
			productType = "com.apple.product-type.application";
		};
/* End PBXNativeTarget section */

/* Begin PBXProject section */
		98C7536A2A35F14400648C02 /* Project object */ = {
			isa = PBXProject;
			attributes = {
				BuildIndependentTargetsInParallel = 1;
				LastSwiftUpdateCheck = 1430;
				LastUpgradeCheck = 1430;
				TargetAttributes = {
					98C753712A35F14400648C02 = {
						CreatedOnToolsVersion = 14.3;
					};
				};
			};
			buildConfigurationList = 98C7536D2A35F14400648C02 /* Build configuration list for PBXProject "PhotoLabel" */;
			compatibilityVersion = "Xcode 14.0";
			developmentRegion = en;
			hasScannedForEncodings = 0;
			knownRegions = (
				en,
				Base,
			);
			mainGroup = 98C753692A35F14400648C02;
			packageReferences = (
				989697162A35FE3800EE3599 /* XCRemoteSwiftPackageReference "ZIPFoundation" */,
			);
			productRefGroup = 98C753732A35F14400648C02 /* Products */;
			projectDirPath = "";
			projectRoot = "";
			targets = (
				98C753712A35F14400648C02 /* PhotoLabel */,
			);
		};
/* End PBXProject section */

/* Begin PBXResourcesBuildPhase section */
		98C753702A35F14400648C02 /* Resources */ = {
			isa = PBXResourcesBuildPhase;
			buildActionMask = 2147483647;
			files = (
				98C7537D2A35F14500648C02 /* Preview Assets.xcassets in Resources */,
				98C7537A2A35F14500648C02 /* Assets.xcassets in Resources */,
			);
			runOnlyForDeploymentPostprocessing = 0;
		};
/* End PBXResourcesBuildPhase section */

/* Begin PBXSourcesBuildPhase section */
		98C7536E2A35F14400648C02 /* Sources */ = {
			isa = PBXSourcesBuildPhase;
			buildActionMask = 2147483647;
			files = (
				989697242A35FF9800EE3599 /* PlistCreatorView.swift in Sources */,
				989697202A35FF5000EE3599 /* ImageStockerTabView.swift in Sources */,
				9896971E2A35FF2300EE3599 /* ImageView.swift in Sources */,
				9894BC542A6CF73F00A4B946 /* PhotoLibraryImagePickerView.swift in Sources */,
				985540072A8E174000590679 /* CheckBoxEditView.swift in Sources */,
				985296112A7209460052AC45 /* ImageTabView.swift in Sources */,
				989697282A35FFDB00EE3599 /* PlistCreatorSubView.swift in Sources */,
				9896972C2A36002E00EE3599 /* ImagePickerView.swift in Sources */,
				989697222A35FF7200EE3599 /* EachTabView.swift in Sources */,
				9896971A2A35FEB700EE3599 /* CategorySelectorView.swift in Sources */,
				989697262A35FFB500EE3599 /* PlistEditorView.swift in Sources */,
				9896971C2A35FEFB00EE3599 /* FinalReportView.swift in Sources */,
				9896972A2A36000200EE3599 /* PlistEditorSubView.swift in Sources */,
				983E70D62A8F3C7D003D525A /* CheckBoxMatrixView.swift in Sources */,
				98C753782A35F14400648C02 /* ContentView.swift in Sources */,
				9830C6DB2A4EC844004971E5 /* ConfigView.swift in Sources */,
				98C753762A35F14400648C02 /* PhotoLabelApp.swift in Sources */,
			);
			runOnlyForDeploymentPostprocessing = 0;
		};
/* End PBXSourcesBuildPhase section */

/* Begin XCBuildConfiguration section */
		98C7537E2A35F14500648C02 /* Debug */ = {
			isa = XCBuildConfiguration;
			buildSettings = {
				ALWAYS_SEARCH_USER_PATHS = NO;
				CLANG_ANALYZER_NONNULL = YES;
				CLANG_ANALYZER_NUMBER_OBJECT_CONVERSION = YES_AGGRESSIVE;
				CLANG_CXX_LANGUAGE_STANDARD = "gnu++20";
				CLANG_ENABLE_MODULES = YES;
				CLANG_ENABLE_OBJC_ARC = YES;
				CLANG_ENABLE_OBJC_WEAK = YES;
				CLANG_WARN_BLOCK_CAPTURE_AUTORELEASING = YES;
				CLANG_WARN_BOOL_CONVERSION = YES;
				CLANG_WARN_COMMA = YES;
				CLANG_WARN_CONSTANT_CONVERSION = YES;
				CLANG_WARN_DEPRECATED_OBJC_IMPLEMENTATIONS = YES;
				CLANG_WARN_DIRECT_OBJC_ISA_USAGE = YES_ERROR;
				CLANG_WARN_DOCUMENTATION_COMMENTS = YES;
				CLANG_WARN_EMPTY_BODY = YES;
				CLANG_WARN_ENUM_CONVERSION = YES;
				CLANG_WARN_INFINITE_RECURSION = YES;
				CLANG_WARN_INT_CONVERSION = YES;
				CLANG_WARN_NON_LITERAL_NULL_CONVERSION = YES;
				CLANG_WARN_OBJC_IMPLICIT_RETAIN_SELF = YES;
				CLANG_WARN_OBJC_LITERAL_CONVERSION = YES;
				CLANG_WARN_OBJC_ROOT_CLASS = YES_ERROR;
				CLANG_WARN_QUOTED_INCLUDE_IN_FRAMEWORK_HEADER = YES;
				CLANG_WARN_RANGE_LOOP_ANALYSIS = YES;
				CLANG_WARN_STRICT_PROTOTYPES = YES;
				CLANG_WARN_SUSPICIOUS_MOVE = YES;
				CLANG_WARN_UNGUARDED_AVAILABILITY = YES_AGGRESSIVE;
				CLANG_WARN_UNREACHABLE_CODE = YES;
				CLANG_WARN__DUPLICATE_METHOD_MATCH = YES;
				COPY_PHASE_STRIP = NO;
				DEBUG_INFORMATION_FORMAT = dwarf;
				ENABLE_STRICT_OBJC_MSGSEND = YES;
				ENABLE_TESTABILITY = YES;
				GCC_C_LANGUAGE_STANDARD = gnu11;
				GCC_DYNAMIC_NO_PIC = NO;
				GCC_NO_COMMON_BLOCKS = YES;
				GCC_OPTIMIZATION_LEVEL = 0;
				GCC_PREPROCESSOR_DEFINITIONS = (
					"DEBUG=1",
					"$(inherited)",
				);
				GCC_WARN_64_TO_32_BIT_CONVERSION = YES;
				GCC_WARN_ABOUT_RETURN_TYPE = YES_ERROR;
				GCC_WARN_UNDECLARED_SELECTOR = YES;
				GCC_WARN_UNINITIALIZED_AUTOS = YES_AGGRESSIVE;
				GCC_WARN_UNUSED_FUNCTION = YES;
				GCC_WARN_UNUSED_VARIABLE = YES;
				IPHONEOS_DEPLOYMENT_TARGET = 16.4;
				MTL_ENABLE_DEBUG_INFO = INCLUDE_SOURCE;
				MTL_FAST_MATH = YES;
				ONLY_ACTIVE_ARCH = YES;
				SDKROOT = iphoneos;
				SWIFT_ACTIVE_COMPILATION_CONDITIONS = DEBUG;
				SWIFT_OPTIMIZATION_LEVEL = "-Onone";
			};
			name = Debug;
		};
		98C7537F2A35F14500648C02 /* Release */ = {
			isa = XCBuildConfiguration;
			buildSettings = {
				ALWAYS_SEARCH_USER_PATHS = NO;
				CLANG_ANALYZER_NONNULL = YES;
				CLANG_ANALYZER_NUMBER_OBJECT_CONVERSION = YES_AGGRESSIVE;
				CLANG_CXX_LANGUAGE_STANDARD = "gnu++20";
				CLANG_ENABLE_MODULES = YES;
				CLANG_ENABLE_OBJC_ARC = YES;
				CLANG_ENABLE_OBJC_WEAK = YES;
				CLANG_WARN_BLOCK_CAPTURE_AUTORELEASING = YES;
				CLANG_WARN_BOOL_CONVERSION = YES;
				CLANG_WARN_COMMA = YES;
				CLANG_WARN_CONSTANT_CONVERSION = YES;
				CLANG_WARN_DEPRECATED_OBJC_IMPLEMENTATIONS = YES;
				CLANG_WARN_DIRECT_OBJC_ISA_USAGE = YES_ERROR;
				CLANG_WARN_DOCUMENTATION_COMMENTS = YES;
				CLANG_WARN_EMPTY_BODY = YES;
				CLANG_WARN_ENUM_CONVERSION = YES;
				CLANG_WARN_INFINITE_RECURSION = YES;
				CLANG_WARN_INT_CONVERSION = YES;
				CLANG_WARN_NON_LITERAL_NULL_CONVERSION = YES;
				CLANG_WARN_OBJC_IMPLICIT_RETAIN_SELF = YES;
				CLANG_WARN_OBJC_LITERAL_CONVERSION = YES;
				CLANG_WARN_OBJC_ROOT_CLASS = YES_ERROR;
				CLANG_WARN_QUOTED_INCLUDE_IN_FRAMEWORK_HEADER = YES;
				CLANG_WARN_RANGE_LOOP_ANALYSIS = YES;
				CLANG_WARN_STRICT_PROTOTYPES = YES;
				CLANG_WARN_SUSPICIOUS_MOVE = YES;
				CLANG_WARN_UNGUARDED_AVAILABILITY = YES_AGGRESSIVE;
				CLANG_WARN_UNREACHABLE_CODE = YES;
				CLANG_WARN__DUPLICATE_METHOD_MATCH = YES;
				COPY_PHASE_STRIP = NO;
				DEBUG_INFORMATION_FORMAT = "dwarf-with-dsym";
				ENABLE_NS_ASSERTIONS = NO;
				ENABLE_STRICT_OBJC_MSGSEND = YES;
				GCC_C_LANGUAGE_STANDARD = gnu11;
				GCC_NO_COMMON_BLOCKS = YES;
				GCC_WARN_64_TO_32_BIT_CONVERSION = YES;
				GCC_WARN_ABOUT_RETURN_TYPE = YES_ERROR;
				GCC_WARN_UNDECLARED_SELECTOR = YES;
				GCC_WARN_UNINITIALIZED_AUTOS = YES_AGGRESSIVE;
				GCC_WARN_UNUSED_FUNCTION = YES;
				GCC_WARN_UNUSED_VARIABLE = YES;
				IPHONEOS_DEPLOYMENT_TARGET = 16.4;
				MTL_ENABLE_DEBUG_INFO = NO;
				MTL_FAST_MATH = YES;
				SDKROOT = iphoneos;
				SWIFT_COMPILATION_MODE = wholemodule;
				SWIFT_OPTIMIZATION_LEVEL = "-O";
				VALIDATE_PRODUCT = YES;
			};
			name = Release;
		};
		98C753812A35F14500648C02 /* Debug */ = {
			isa = XCBuildConfiguration;
			buildSettings = {
				ASSETCATALOG_COMPILER_APPICON_NAME = AppIcon;
				ASSETCATALOG_COMPILER_GLOBAL_ACCENT_COLOR_NAME = AccentColor;
				CODE_SIGN_STYLE = Automatic;
				CURRENT_PROJECT_VERSION = 1;
				DEVELOPMENT_ASSET_PATHS = "\"PhotoLabel/Preview Content\"";
				DEVELOPMENT_TEAM = 8BDHMGU8AU;
				ENABLE_PREVIEWS = YES;
				GENERATE_INFOPLIST_FILE = YES;
				INFOPLIST_FILE = PhotoLabel/Info.plist;
				INFOPLIST_KEY_CFBundleDisplayName = "Photo Label";
				INFOPLIST_KEY_LSApplicationCategoryType = "public.app-category.photography";
				INFOPLIST_KEY_LSSupportsOpeningDocumentsInPlace = YES;
				INFOPLIST_KEY_NSCameraUsageDescription = "本アプリは新たに撮影した写真を各カテゴリビューに保存するためカメラにアクセスします。一旦保存されると本アプリ内でのみ写真にカテゴリ名がリンクされます。";
				INFOPLIST_KEY_UIApplicationSceneManifest_Generation = YES;
				INFOPLIST_KEY_UIApplicationSupportsIndirectInputEvents = YES;
				INFOPLIST_KEY_UILaunchScreen_Generation = YES;
				INFOPLIST_KEY_UISupportedInterfaceOrientations_iPad = "UIInterfaceOrientationPortrait UIInterfaceOrientationPortraitUpsideDown UIInterfaceOrientationLandscapeLeft UIInterfaceOrientationLandscapeRight";
				INFOPLIST_KEY_UISupportedInterfaceOrientations_iPhone = "UIInterfaceOrientationPortrait UIInterfaceOrientationLandscapeLeft UIInterfaceOrientationLandscapeRight";
				LD_RUNPATH_SEARCH_PATHS = (
					"$(inherited)",
					"@executable_path/Frameworks",
				);
				MARKETING_VERSION = 1.6.0;
				PRODUCT_BUNDLE_IDENTIFIER = com.gmail.tom106worker.PhotoLabel;
				PRODUCT_NAME = "$(TARGET_NAME)";
				SWIFT_EMIT_LOC_STRINGS = YES;
				SWIFT_VERSION = 5.0;
				TARGETED_DEVICE_FAMILY = "1,2";
			};
			name = Debug;
		};
		98C753822A35F14500648C02 /* Release */ = {
			isa = XCBuildConfiguration;
			buildSettings = {
				ASSETCATALOG_COMPILER_APPICON_NAME = AppIcon;
				ASSETCATALOG_COMPILER_GLOBAL_ACCENT_COLOR_NAME = AccentColor;
				CODE_SIGN_STYLE = Automatic;
				CURRENT_PROJECT_VERSION = 1;
				DEVELOPMENT_ASSET_PATHS = "\"PhotoLabel/Preview Content\"";
				DEVELOPMENT_TEAM = 8BDHMGU8AU;
				ENABLE_PREVIEWS = YES;
				GENERATE_INFOPLIST_FILE = YES;
				INFOPLIST_FILE = PhotoLabel/Info.plist;
				INFOPLIST_KEY_CFBundleDisplayName = "Photo Label";
				INFOPLIST_KEY_LSApplicationCategoryType = "public.app-category.photography";
				INFOPLIST_KEY_LSSupportsOpeningDocumentsInPlace = YES;
				INFOPLIST_KEY_NSCameraUsageDescription = "本アプリは新たに撮影した写真を各カテゴリビューに保存するためカメラにアクセスします。一旦保存されると本アプリ内でのみ写真にカテゴリ名がリンクされます。";
				INFOPLIST_KEY_UIApplicationSceneManifest_Generation = YES;
				INFOPLIST_KEY_UIApplicationSupportsIndirectInputEvents = YES;
				INFOPLIST_KEY_UILaunchScreen_Generation = YES;
				INFOPLIST_KEY_UISupportedInterfaceOrientations_iPad = "UIInterfaceOrientationPortrait UIInterfaceOrientationPortraitUpsideDown UIInterfaceOrientationLandscapeLeft UIInterfaceOrientationLandscapeRight";
				INFOPLIST_KEY_UISupportedInterfaceOrientations_iPhone = "UIInterfaceOrientationPortrait UIInterfaceOrientationLandscapeLeft UIInterfaceOrientationLandscapeRight";
				LD_RUNPATH_SEARCH_PATHS = (
					"$(inherited)",
					"@executable_path/Frameworks",
				);
				MARKETING_VERSION = 1.6.0;
				PRODUCT_BUNDLE_IDENTIFIER = com.gmail.tom106worker.PhotoLabel;
				PRODUCT_NAME = "$(TARGET_NAME)";
				SWIFT_EMIT_LOC_STRINGS = YES;
				SWIFT_VERSION = 5.0;
				TARGETED_DEVICE_FAMILY = "1,2";
			};
			name = Release;
		};
/* End XCBuildConfiguration section */

/* Begin XCConfigurationList section */
		98C7536D2A35F14400648C02 /* Build configuration list for PBXProject "PhotoLabel" */ = {
			isa = XCConfigurationList;
			buildConfigurations = (
				98C7537E2A35F14500648C02 /* Debug */,
				98C7537F2A35F14500648C02 /* Release */,
			);
			defaultConfigurationIsVisible = 0;
			defaultConfigurationName = Release;
		};
		98C753802A35F14500648C02 /* Build configuration list for PBXNativeTarget "PhotoLabel" */ = {
			isa = XCConfigurationList;
			buildConfigurations = (
				98C753812A35F14500648C02 /* Debug */,
				98C753822A35F14500648C02 /* Release */,
			);
			defaultConfigurationIsVisible = 0;
			defaultConfigurationName = Release;
		};
/* End XCConfigurationList section */

/* Begin XCRemoteSwiftPackageReference section */
		989697162A35FE3800EE3599 /* XCRemoteSwiftPackageReference "ZIPFoundation" */ = {
			isa = XCRemoteSwiftPackageReference;
			repositoryURL = "https://github.com/weichsel/ZIPFoundation.git";
			requirement = {
				kind = upToNextMajorVersion;
				minimumVersion = 0.9.16;
			};
		};
/* End XCRemoteSwiftPackageReference section */

/* Begin XCSwiftPackageProductDependency section */
		989697172A35FE3800EE3599 /* ZIPFoundation */ = {
			isa = XCSwiftPackageProductDependency;
			package = 989697162A35FE3800EE3599 /* XCRemoteSwiftPackageReference "ZIPFoundation" */;
			productName = ZIPFoundation;
		};
/* End XCSwiftPackageProductDependency section */
	};
	rootObject = 98C7536A2A35F14400648C02 /* Project object */;
}
